
Microsoft Visual Studio Solution File, Format Version 12.00
# Visual Studio Version 17
VisualStudioVersion = 17.11.35327.3
MinimumVisualStudioVersion = 10.0.40219.1
Project("{FAE04EC0-301F-11D3-BF4B-00C04F79EFBC}") = "LaLigaTransfers", "LaLigaTransfers\LaLigaTransfers.csproj", "{560991F2-A8BE-4ED7-A51C-F5869AC9949B}"
EndProject
Global
	GlobalSection(SolutionConfigurationPlatforms) = preSolution
		Debug|Any CPU = Debug|Any CPU
		Release|Any CPU = Release|Any CPU
	EndGlobalSection
	GlobalSection(ProjectConfigurationPlatforms) = postSolution
		{560991F2-A8BE-4ED7-A51C-F5869AC9949B}.Debug|Any CPU.ActiveCfg = Debug|Any CPU
		{560991F2-A8BE-4ED7-A51C-F5869AC9949B}.Debug|Any CPU.Build.0 = Debug|Any CPU
		{560991F2-A8BE-4ED7-A51C-F5869AC9949B}.Release|Any CPU.ActiveCfg = Release|Any CPU
		{560991F2-A8BE-4ED7-A51C-F5869AC9949B}.Release|Any CPU.Build.0 = Release|Any CPU
	EndGlobalSection
	GlobalSection(SolutionProperties) = preSolution
		HideSolutionNode = FALSE
	EndGlobalSection
	GlobalSection(ExtensibilityGlobals) = postSolution
		SolutionGuid = {E4BA3E06-2D42-446B-ACCA-87CD36CB8B12}
	EndGlobalSection
EndGlobal
